
Microsoft Visual Studio Solution File, Format Version 12.00
# Visual Studio Version 17
VisualStudioVersion = 17.12.35521.163 d17.12
MinimumVisualStudioVersion = 10.0.40219.1
Project("{FAE04EC0-301F-11D3-BF4B-00C04F79EFBC}") = "WEB", "WEB\WEB.csproj", "{ECE742FA-0F8E-4B42-9D5F-CF7C41960942}"
EndProject
Global
	GlobalSection(SolutionConfigurationPlatforms) = preSolution
		Debug|Any CPU = Debug|Any CPU
		Release|Any CPU = Release|Any CPU
	EndGlobalSection
	GlobalSection(ProjectConfigurationPlatforms) = postSolution
		{ECE742FA-0F8E-4B42-9D5F-CF7C41960942}.Debug|Any CPU.ActiveCfg = Debug|Any CPU
		{ECE742FA-0F8E-4B42-9D5F-CF7C41960942}.Debug|Any CPU.Build.0 = Debug|Any CPU
		{ECE742FA-0F8E-4B42-9D5F-CF7C41960942}.Release|Any CPU.ActiveCfg = Release|Any CPU
		{ECE742FA-0F8E-4B42-9D5F-CF7C41960942}.Release|Any CPU.Build.0 = Release|Any CPU
	EndGlobalSection
	GlobalSection(SolutionProperties) = preSolution
		HideSolutionNode = FALSE
	EndGlobalSection
	GlobalSection(ExtensibilityGlobals) = postSolution
		SolutionGuid = {233940FD-BC31-47CC-B239-8B31268714DE}
	EndGlobalSection
EndGlobal
